
Microsoft Visual Studio Solution File, Format Version 12.00
# Visual Studio Version 17
VisualStudioVersion = 17.7.34202.233
MinimumVisualStudioVersion = 10.0.40219.1
Project("{9A19103F-16F7-4668-BE54-9A1E7A4F7556}") = "AuthDbService", "AuthDbService\AuthDbService.csproj", "{D14B3DB9-AC18-4A09-9435-2C9983DFA317}"
EndProject
Project("{9A19103F-16F7-4668-BE54-9A1E7A4F7556}") = "CompaniesDbService", "CompaniesDbService\CompaniesDbService.csproj", "{AB7DAFB3-98D0-47CA-961B-7B2D05900BEF}"
EndProject
Project("{9A19103F-16F7-4668-BE54-9A1E7A4F7556}") = "ConfigService", "ConfigService\ConfigService\ConfigService.csproj", "{29C98553-DD43-4860-84A2-7FB3F2CDB250}"
EndProject
Project("{9A19103F-16F7-4668-BE54-9A1E7A4F7556}") = "MainService", "MainService\MainService\MainService.csproj", "{83D4A9B8-1C1E-4D91-9563-1B48790215F5}"
EndProject
Project("{9A19103F-16F7-4668-BE54-9A1E7A4F7556}") = "CompanyAboutDbService", "CompanyAboutDbService\CompanyAboutDbService.csproj", "{F96DA70E-3590-4E60-A0FB-E236E9B97273}"
EndProject

EndProject
Global
	GlobalSection(SolutionConfigurationPlatforms) = preSolution
		Debug|Any CPU = Debug|Any CPU
		Release|Any CPU = Release|Any CPU
	EndGlobalSection
	GlobalSection(ProjectConfigurationPlatforms) = postSolution
		{D14B3DB9-AC18-4A09-9435-2C9983DFA317}.Debug|Any CPU.ActiveCfg = Debug|Any CPU
		{D14B3DB9-AC18-4A09-9435-2C9983DFA317}.Debug|Any CPU.Build.0 = Debug|Any CPU
		{D14B3DB9-AC18-4A09-9435-2C9983DFA317}.Release|Any CPU.ActiveCfg = Release|Any CPU
		{D14B3DB9-AC18-4A09-9435-2C9983DFA317}.Release|Any CPU.Build.0 = Release|Any CPU
		{AB7DAFB3-98D0-47CA-961B-7B2D05900BEF}.Debug|Any CPU.ActiveCfg = Debug|Any CPU
		{AB7DAFB3-98D0-47CA-961B-7B2D05900BEF}.Debug|Any CPU.Build.0 = Debug|Any CPU
		{AB7DAFB3-98D0-47CA-961B-7B2D05900BEF}.Release|Any CPU.ActiveCfg = Release|Any CPU
		{AB7DAFB3-98D0-47CA-961B-7B2D05900BEF}.Release|Any CPU.Build.0 = Release|Any CPU
		{29C98553-DD43-4860-84A2-7FB3F2CDB250}.Debug|Any CPU.ActiveCfg = Debug|Any CPU
		{29C98553-DD43-4860-84A2-7FB3F2CDB250}.Debug|Any CPU.Build.0 = Debug|Any CPU
		{29C98553-DD43-4860-84A2-7FB3F2CDB250}.Release|Any CPU.ActiveCfg = Release|Any CPU
		{29C98553-DD43-4860-84A2-7FB3F2CDB250}.Release|Any CPU.Build.0 = Release|Any CPU
		{83D4A9B8-1C1E-4D91-9563-1B48790215F5}.Debug|Any CPU.ActiveCfg = Debug|Any CPU
		{83D4A9B8-1C1E-4D91-9563-1B48790215F5}.Debug|Any CPU.Build.0 = Debug|Any CPU
		{83D4A9B8-1C1E-4D91-9563-1B48790215F5}.Release|Any CPU.ActiveCfg = Release|Any CPU
		{83D4A9B8-1C1E-4D91-9563-1B48790215F5}.Release|Any CPU.Build.0 = Release|Any CPU
		{F96DA70E-3590-4E60-A0FB-E236E9B97273}.Debug|Any CPU.ActiveCfg = Debug|Any CPU
		{F96DA70E-3590-4E60-A0FB-E236E9B97273}.Debug|Any CPU.Build.0 = Debug|Any CPU
		{F96DA70E-3590-4E60-A0FB-E236E9B97273}.Release|Any CPU.ActiveCfg = Release|Any CPU
		{F96DA70E-3590-4E60-A0FB-E236E9B97273}.Release|Any CPU.Build.0 = Release|Any CPU

	EndGlobalSection
	GlobalSection(SolutionProperties) = preSolution
		HideSolutionNode = FALSE
	EndGlobalSection
	GlobalSection(ExtensibilityGlobals) = postSolution
		SolutionGuid = {1137357A-EC98-4606-98D4-E6129A95F709}
	EndGlobalSection
EndGlobal
